
Microsoft Visual Studio Solution File, Format Version 12.00
# Visual Studio Version 17
VisualStudioVersion = 17.9.34723.18
MinimumVisualStudioVersion = 10.0.40219.1
Project("{8BC9CEB8-8B4A-11D0-8D11-00A0C91BC942}") = "CPractice", "CPractice\CPractice.vcxproj", "{E83CFAA1-8FF8-4C27-8F67-A45635C6A716}"
EndProject
Global
	GlobalSection(SolutionConfigurationPlatforms) = preSolution
		Debug|x64 = Debug|x64
		Debug|x86 = Debug|x86
		Release|x64 = Release|x64
		Release|x86 = Release|x86
	EndGlobalSection
	GlobalSection(ProjectConfigurationPlatforms) = postSolution
		{E83CFAA1-8FF8-4C27-8F67-A45635C6A716}.Debug|x64.ActiveCfg = Debug|x64
		{E83CFAA1-8FF8-4C27-8F67-A45635C6A716}.Debug|x64.Build.0 = Debug|x64
		{E83CFAA1-8FF8-4C27-8F67-A45635C6A716}.Debug|x86.ActiveCfg = Debug|Win32
		{E83CFAA1-8FF8-4C27-8F67-A45635C6A716}.Debug|x86.Build.0 = Debug|Win32
		{E83CFAA1-8FF8-4C27-8F67-A45635C6A716}.Release|x64.ActiveCfg = Release|x64
		{E83CFAA1-8FF8-4C27-8F67-A45635C6A716}.Release|x64.Build.0 = Release|x64
		{E83CFAA1-8FF8-4C27-8F67-A45635C6A716}.Release|x86.ActiveCfg = Release|Win32
		{E83CFAA1-8FF8-4C27-8F67-A45635C6A716}.Release|x86.Build.0 = Release|Win32
	EndGlobalSection
	GlobalSection(SolutionProperties) = preSolution
		HideSolutionNode = FALSE
	EndGlobalSection
	GlobalSection(ExtensibilityGlobals) = postSolution
		SolutionGuid = {DB43B914-6D11-45D6-87DA-9C0B8001A2C3}
	EndGlobalSection
EndGlobal
